// !$*UTF8*$!
{
	archiveVersion = 1;
	classes = {
	};
	objectVersion = 56;
	objects = {

/* Begin PBXBuildFile section */
		2A2C9FD02989187C008A6431 /* AssetMenuGridView.swift in Sources */ = {isa = PBXBuildFile; fileRef = 2A2C9FCF2989187C008A6431 /* AssetMenuGridView.swift */; };
		2A2C9FD229911163008A6431 /* AssetView.swift in Sources */ = {isa = PBXBuildFile; fileRef = 2A2C9FD129911163008A6431 /* AssetView.swift */; };
		2A2C9FD5299112C1008A6431 /* AssetBanner.swift in Sources */ = {isa = PBXBuildFile; fileRef = 2A2C9FD4299112C1008A6431 /* AssetBanner.swift */; };
		2A2C9FD72991130B008A6431 /* BannerCard.swift in Sources */ = {isa = PBXBuildFile; fileRef = 2A2C9FD62991130B008A6431 /* BannerCard.swift */; };
		2A2C9FDA299113F5008A6431 /* PageViewController.swift in Sources */ = {isa = PBXBuildFile; fileRef = 2A2C9FD9299113F5008A6431 /* PageViewController.swift */; };
		2A2C9FDC29911860008A6431 /* PageControl.swift in Sources */ = {isa = PBXBuildFile; fileRef = 2A2C9FDB29911860008A6431 /* PageControl.swift */; };
		2A2C9FDE299119FE008A6431 /* AssetBannerView.swift in Sources */ = {isa = PBXBuildFile; fileRef = 2A2C9FDD299119FD008A6431 /* AssetBannerView.swift */; };
		2A71728D297943AC00B8ABA5 /* MyAsset1App.swift in Sources */ = {isa = PBXBuildFile; fileRef = 2A71728C297943AC00B8ABA5 /* MyAsset1App.swift */; };
		2A71728F297943AC00B8ABA5 /* ContentView.swift in Sources */ = {isa = PBXBuildFile; fileRef = 2A71728E297943AC00B8ABA5 /* ContentView.swift */; };
		2A717291297943AC00B8ABA5 /* Assets.xcassets in Resources */ = {isa = PBXBuildFile; fileRef = 2A717290297943AC00B8ABA5 /* Assets.xcassets */; };
		2A717294297943AC00B8ABA5 /* Preview Assets.xcassets in Resources */ = {isa = PBXBuildFile; fileRef = 2A717293297943AC00B8ABA5 /* Preview Assets.xcassets */; };
		2A71729E297943AD00B8ABA5 /* MyAsset1Tests.swift in Sources */ = {isa = PBXBuildFile; fileRef = 2A71729D297943AD00B8ABA5 /* MyAsset1Tests.swift */; };
		2A7172A8297943AD00B8ABA5 /* MyAsset1UITests.swift in Sources */ = {isa = PBXBuildFile; fileRef = 2A7172A7297943AD00B8ABA5 /* MyAsset1UITests.swift */; };
		2A7172AA297943AD00B8ABA5 /* MyAsset1UITestsLaunchTests.swift in Sources */ = {isa = PBXBuildFile; fileRef = 2A7172A9297943AD00B8ABA5 /* MyAsset1UITestsLaunchTests.swift */; };
		2A7172ED298257F200B8ABA5 /* NavigationBarWithButton.swift in Sources */ = {isa = PBXBuildFile; fileRef = 2A7172EC298257F200B8ABA5 /* NavigationBarWithButton.swift */; };
		2A7172EF29825CB600B8ABA5 /* AssetMenu.swift in Sources */ = {isa = PBXBuildFile; fileRef = 2A7172EE29825CB600B8ABA5 /* AssetMenu.swift */; };
		2A7172F129825EB900B8ABA5 /* AssetMenuButtonStyle.swift in Sources */ = {isa = PBXBuildFile; fileRef = 2A7172F029825EB900B8ABA5 /* AssetMenuButtonStyle.swift */; };
/* End PBXBuildFile section */

/* Begin PBXContainerItemProxy section */
		2A71729A297943AD00B8ABA5 /* PBXContainerItemProxy */ = {
			isa = PBXContainerItemProxy;
			containerPortal = 2A717281297943AC00B8ABA5 /* Project object */;
			proxyType = 1;
			remoteGlobalIDString = 2A717288297943AC00B8ABA5;
			remoteInfo = MyAsset1;
		};
		2A7172A4297943AD00B8ABA5 /* PBXContainerItemProxy */ = {
			isa = PBXContainerItemProxy;
			containerPortal = 2A717281297943AC00B8ABA5 /* Project object */;
			proxyType = 1;
			remoteGlobalIDString = 2A717288297943AC00B8ABA5;
			remoteInfo = MyAsset1;
		};
/* End PBXContainerItemProxy section */

/* Begin PBXFileReference section */
		2A2C9FCF2989187C008A6431 /* AssetMenuGridView.swift */ = {isa = PBXFileReference; lastKnownFileType = sourcecode.swift; path = AssetMenuGridView.swift; sourceTree = "<group>"; };
		2A2C9FD129911163008A6431 /* AssetView.swift */ = {isa = PBXFileReference; lastKnownFileType = sourcecode.swift; path = AssetView.swift; sourceTree = "<group>"; };
		2A2C9FD4299112C1008A6431 /* AssetBanner.swift */ = {isa = PBXFileReference; lastKnownFileType = sourcecode.swift; path = AssetBanner.swift; sourceTree = "<group>"; };
		2A2C9FD62991130B008A6431 /* BannerCard.swift */ = {isa = PBXFileReference; lastKnownFileType = sourcecode.swift; path = BannerCard.swift; sourceTree = "<group>"; };
		2A2C9FD9299113F5008A6431 /* PageViewController.swift */ = {isa = PBXFileReference; lastKnownFileType = sourcecode.swift; path = PageViewController.swift; sourceTree = "<group>"; };
		2A2C9FDB29911860008A6431 /* PageControl.swift */ = {isa = PBXFileReference; lastKnownFileType = sourcecode.swift; path = PageControl.swift; sourceTree = "<group>"; };
		2A2C9FDD299119FD008A6431 /* AssetBannerView.swift */ = {isa = PBXFileReference; lastKnownFileType = sourcecode.swift; path = AssetBannerView.swift; sourceTree = "<group>"; };
		2A717289297943AC00B8ABA5 /* MyAsset1.app */ = {isa = PBXFileReference; explicitFileType = wrapper.application; includeInIndex = 0; path = MyAsset1.app; sourceTree = BUILT_PRODUCTS_DIR; };
		2A71728C297943AC00B8ABA5 /* MyAsset1App.swift */ = {isa = PBXFileReference; lastKnownFileType = sourcecode.swift; path = MyAsset1App.swift; sourceTree = "<group>"; };
		2A71728E297943AC00B8ABA5 /* ContentView.swift */ = {isa = PBXFileReference; lastKnownFileType = sourcecode.swift; path = ContentView.swift; sourceTree = "<group>"; };
		2A717290297943AC00B8ABA5 /* Assets.xcassets */ = {isa = PBXFileReference; lastKnownFileType = folder.assetcatalog; path = Assets.xcassets; sourceTree = "<group>"; };
		2A717293297943AC00B8ABA5 /* Preview Assets.xcassets */ = {isa = PBXFileReference; lastKnownFileType = folder.assetcatalog; path = "Preview Assets.xcassets"; sourceTree = "<group>"; };
		2A717299297943AD00B8ABA5 /* MyAsset1Tests.xctest */ = {isa = PBXFileReference; explicitFileType = wrapper.cfbundle; includeInIndex = 0; path = MyAsset1Tests.xctest; sourceTree = BUILT_PRODUCTS_DIR; };
		2A71729D297943AD00B8ABA5 /* MyAsset1Tests.swift */ = {isa = PBXFileReference; lastKnownFileType = sourcecode.swift; path = MyAsset1Tests.swift; sourceTree = "<group>"; };
		2A7172A3297943AD00B8ABA5 /* MyAsset1UITests.xctest */ = {isa = PBXFileReference; explicitFileType = wrapper.cfbundle; includeInIndex = 0; path = MyAsset1UITests.xctest; sourceTree = BUILT_PRODUCTS_DIR; };
		2A7172A7297943AD00B8ABA5 /* MyAsset1UITests.swift */ = {isa = PBXFileReference; lastKnownFileType = sourcecode.swift; path = MyAsset1UITests.swift; sourceTree = "<group>"; };
		2A7172A9297943AD00B8ABA5 /* MyAsset1UITestsLaunchTests.swift */ = {isa = PBXFileReference; lastKnownFileType = sourcecode.swift; path = MyAsset1UITestsLaunchTests.swift; sourceTree = "<group>"; };
		2A7172EC298257F200B8ABA5 /* NavigationBarWithButton.swift */ = {isa = PBXFileReference; lastKnownFileType = sourcecode.swift; path = NavigationBarWithButton.swift; sourceTree = "<group>"; };
		2A7172EE29825CB600B8ABA5 /* AssetMenu.swift */ = {isa = PBXFileReference; lastKnownFileType = sourcecode.swift; path = AssetMenu.swift; sourceTree = "<group>"; };
		2A7172F029825EB900B8ABA5 /* AssetMenuButtonStyle.swift */ = {isa = PBXFileReference; lastKnownFileType = sourcecode.swift; path = AssetMenuButtonStyle.swift; sourceTree = "<group>"; };
/* End PBXFileReference section */

/* Begin PBXFrameworksBuildPhase section */
		2A717286297943AC00B8ABA5 /* Frameworks */ = {
			isa = PBXFrameworksBuildPhase;
			buildActionMask = 2147483647;
			files = (
			);
			runOnlyForDeploymentPostprocessing = 0;
		};
		2A717296297943AD00B8ABA5 /* Frameworks */ = {
			isa = PBXFrameworksBuildPhase;
			buildActionMask = 2147483647;
			files = (
			);
			runOnlyForDeploymentPostprocessing = 0;
		};
		2A7172A0297943AD00B8ABA5 /* Frameworks */ = {
			isa = PBXFrameworksBuildPhase;
			buildActionMask = 2147483647;
			files = (
			);
			runOnlyForDeploymentPostprocessing = 0;
		};
/* End PBXFrameworksBuildPhase section */

/* Begin PBXGroup section */
		2A2C9FD329911295008A6431 /* Entities */ = {
			isa = PBXGroup;
			children = (
				2A7172EE29825CB600B8ABA5 /* AssetMenu.swift */,
				2A2C9FD4299112C1008A6431 /* AssetBanner.swift */,
			);
			name = Entities;
			sourceTree = "<group>";
		};
		2A2C9FD829911315008A6431 /* AssetMenu */ = {
			isa = PBXGroup;
			children = (
				2A7172F029825EB900B8ABA5 /* AssetMenuButtonStyle.swift */,
				2A2C9FCF2989187C008A6431 /* AssetMenuGridView.swift */,
			);
			path = AssetMenu;
			sourceTree = "<group>";
		};
		2A2C9FDF29911A05008A6431 /* AssetBannerView */ = {
			isa = PBXGroup;
			children = (
				2A2C9FD9299113F5008A6431 /* PageViewController.swift */,
				2A2C9FDB29911860008A6431 /* PageControl.swift */,
				2A2C9FDD299119FD008A6431 /* AssetBannerView.swift */,
				2A2C9FD62991130B008A6431 /* BannerCard.swift */,
			);
			path = AssetBannerView;
			sourceTree = "<group>";
		};
		2A717280297943AC00B8ABA5 = {
			isa = PBXGroup;
			children = (
				2A71728B297943AC00B8ABA5 /* MyAsset1 */,
				2A71729C297943AD00B8ABA5 /* MyAsset1Tests */,
				2A7172A6297943AD00B8ABA5 /* MyAsset1UITests */,
				2A71728A297943AC00B8ABA5 /* Products */,
			);
			sourceTree = "<group>";
		};
		2A71728A297943AC00B8ABA5 /* Products */ = {
			isa = PBXGroup;
			children = (
				2A717289297943AC00B8ABA5 /* MyAsset1.app */,
				2A717299297943AD00B8ABA5 /* MyAsset1Tests.xctest */,
				2A7172A3297943AD00B8ABA5 /* MyAsset1UITests.xctest */,
			);
			name = Products;
			sourceTree = "<group>";
		};
		2A71728B297943AC00B8ABA5 /* MyAsset1 */ = {
			isa = PBXGroup;
			children = (
				2A71728C297943AC00B8ABA5 /* MyAsset1App.swift */,
				2A71728E297943AC00B8ABA5 /* ContentView.swift */,
				2A7172EC298257F200B8ABA5 /* NavigationBarWithButton.swift */,
				2A2C9FDF29911A05008A6431 /* AssetBannerView */,
				2A2C9FD329911295008A6431 /* Entities */,
				2A2C9FD829911315008A6431 /* AssetMenu */,
				2A2C9FD129911163008A6431 /* AssetView.swift */,
				2A717290297943AC00B8ABA5 /* Assets.xcassets */,
				2A717292297943AC00B8ABA5 /* Preview Content */,
			);
			path = MyAsset1;
			sourceTree = "<group>";
		};
		2A717292297943AC00B8ABA5 /* Preview Content */ = {
			isa = PBXGroup;
			children = (
				2A717293297943AC00B8ABA5 /* Preview Assets.xcassets */,
			);
			path = "Preview Content";
			sourceTree = "<group>";
		};
		2A71729C297943AD00B8ABA5 /* MyAsset1Tests */ = {
			isa = PBXGroup;
			children = (
				2A71729D297943AD00B8ABA5 /* MyAsset1Tests.swift */,
			);
			path = MyAsset1Tests;
			sourceTree = "<group>";
		};
		2A7172A6297943AD00B8ABA5 /* MyAsset1UITests */ = {
			isa = PBXGroup;
			children = (
				2A7172A7297943AD00B8ABA5 /* MyAsset1UITests.swift */,
				2A7172A9297943AD00B8ABA5 /* MyAsset1UITestsLaunchTests.swift */,
			);
			path = MyAsset1UITests;
			sourceTree = "<group>";
		};
/* End PBXGroup section */

/* Begin PBXNativeTarget section */
		2A717288297943AC00B8ABA5 /* MyAsset1 */ = {
			isa = PBXNativeTarget;
			buildConfigurationList = 2A7172AD297943AD00B8ABA5 /* Build configuration list for PBXNativeTarget "MyAsset1" */;
			buildPhases = (
				2A717285297943AC00B8ABA5 /* Sources */,
				2A717286297943AC00B8ABA5 /* Frameworks */,
				2A717287297943AC00B8ABA5 /* Resources */,
			);
			buildRules = (
			);
			dependencies = (
			);
			name = MyAsset1;
			productName = MyAsset1;
			productReference = 2A717289297943AC00B8ABA5 /* MyAsset1.app */;
			productType = "com.apple.product-type.application";
		};
		2A717298297943AD00B8ABA5 /* MyAsset1Tests */ = {
			isa = PBXNativeTarget;
			buildConfigurationList = 2A7172B0297943AD00B8ABA5 /* Build configuration list for PBXNativeTarget "MyAsset1Tests" */;
			buildPhases = (
				2A717295297943AD00B8ABA5 /* Sources */,
				2A717296297943AD00B8ABA5 /* Frameworks */,
				2A717297297943AD00B8ABA5 /* Resources */,
			);
			buildRules = (
			);
			dependencies = (
				2A71729B297943AD00B8ABA5 /* PBXTargetDependency */,
			);
			name = MyAsset1Tests;
			productName = MyAsset1Tests;
			productReference = 2A717299297943AD00B8ABA5 /* MyAsset1Tests.xctest */;
			productType = "com.apple.product-type.bundle.unit-test";
		};
		2A7172A2297943AD00B8ABA5 /* MyAsset1UITests */ = {
			isa = PBXNativeTarget;
			buildConfigurationList = 2A7172B3297943AD00B8ABA5 /* Build configuration list for PBXNativeTarget "MyAsset1UITests" */;
			buildPhases = (
				2A71729F297943AD00B8ABA5 /* Sources */,
				2A7172A0297943AD00B8ABA5 /* Frameworks */,
				2A7172A1297943AD00B8ABA5 /* Resources */,
			);
			buildRules = (
			);
			dependencies = (
				2A7172A5297943AD00B8ABA5 /* PBXTargetDependency */,
			);
			name = MyAsset1UITests;
			productName = MyAsset1UITests;
			productReference = 2A7172A3297943AD00B8ABA5 /* MyAsset1UITests.xctest */;
			productType = "com.apple.product-type.bundle.ui-testing";
		};
/* End PBXNativeTarget section */

/* Begin PBXProject section */
		2A717281297943AC00B8ABA5 /* Project object */ = {
			isa = PBXProject;
			attributes = {
				BuildIndependentTargetsInParallel = 1;
				LastSwiftUpdateCheck = 1420;
				LastUpgradeCheck = 1420;
				TargetAttributes = {
					2A717288297943AC00B8ABA5 = {
						CreatedOnToolsVersion = 14.2;
					};
					2A717298297943AD00B8ABA5 = {
						CreatedOnToolsVersion = 14.2;
						TestTargetID = 2A717288297943AC00B8ABA5;
					};
					2A7172A2297943AD00B8ABA5 = {
						CreatedOnToolsVersion = 14.2;
						TestTargetID = 2A717288297943AC00B8ABA5;
					};
				};
			};
			buildConfigurationList = 2A717284297943AC00B8ABA5 /* Build configuration list for PBXProject "MyAsset1" */;
			compatibilityVersion = "Xcode 14.0";
			developmentRegion = en;
			hasScannedForEncodings = 0;
			knownRegions = (
				en,
				Base,
			);
			mainGroup = 2A717280297943AC00B8ABA5;
			productRefGroup = 2A71728A297943AC00B8ABA5 /* Products */;
			projectDirPath = "";
			projectRoot = "";
			targets = (
				2A717288297943AC00B8ABA5 /* MyAsset1 */,
				2A717298297943AD00B8ABA5 /* MyAsset1Tests */,
				2A7172A2297943AD00B8ABA5 /* MyAsset1UITests */,
			);
		};
/* End PBXProject section */

/* Begin PBXResourcesBuildPhase section */
		2A717287297943AC00B8ABA5 /* Resources */ = {
			isa = PBXResourcesBuildPhase;
			buildActionMask = 2147483647;
			files = (
				2A717294297943AC00B8ABA5 /* Preview Assets.xcassets in Resources */,
				2A717291297943AC00B8ABA5 /* Assets.xcassets in Resources */,
			);
			runOnlyForDeploymentPostprocessing = 0;
		};
		2A717297297943AD00B8ABA5 /* Resources */ = {
			isa = PBXResourcesBuildPhase;
			buildActionMask = 2147483647;
			files = (
			);
			runOnlyForDeploymentPostprocessing = 0;
		};
		2A7172A1297943AD00B8ABA5 /* Resources */ = {
			isa = PBXResourcesBuildPhase;
			buildActionMask = 2147483647;
			files = (
			);
			runOnlyForDeploymentPostprocessing = 0;
		};
/* End PBXResourcesBuildPhase section */

/* Begin PBXSourcesBuildPhase section */
		2A717285297943AC00B8ABA5 /* Sources */ = {
			isa = PBXSourcesBuildPhase;
			buildActionMask = 2147483647;
			files = (
				2A2C9FD02989187C008A6431 /* AssetMenuGridView.swift in Sources */,
				2A2C9FDA299113F5008A6431 /* PageViewController.swift in Sources */,
				2A7172ED298257F200B8ABA5 /* NavigationBarWithButton.swift in Sources */,
				2A2C9FD5299112C1008A6431 /* AssetBanner.swift in Sources */,
				2A2C9FD229911163008A6431 /* AssetView.swift in Sources */,
				2A71728F297943AC00B8ABA5 /* ContentView.swift in Sources */,
				2A71728D297943AC00B8ABA5 /* MyAsset1App.swift in Sources */,
				2A7172EF29825CB600B8ABA5 /* AssetMenu.swift in Sources */,
				2A2C9FDC29911860008A6431 /* PageControl.swift in Sources */,
				2A2C9FDE299119FE008A6431 /* AssetBannerView.swift in Sources */,
				2A2C9FD72991130B008A6431 /* BannerCard.swift in Sources */,
				2A7172F129825EB900B8ABA5 /* AssetMenuButtonStyle.swift in Sources */,
			);
			runOnlyForDeploymentPostprocessing = 0;
		};
		2A717295297943AD00B8ABA5 /* Sources */ = {
			isa = PBXSourcesBuildPhase;
			buildActionMask = 2147483647;
			files = (
				2A71729E297943AD00B8ABA5 /* MyAsset1Tests.swift in Sources */,
			);
			runOnlyForDeploymentPostprocessing = 0;
		};
		2A71729F297943AD00B8ABA5 /* Sources */ = {
			isa = PBXSourcesBuildPhase;
			buildActionMask = 2147483647;
			files = (
				2A7172AA297943AD00B8ABA5 /* MyAsset1UITestsLaunchTests.swift in Sources */,
				2A7172A8297943AD00B8ABA5 /* MyAsset1UITests.swift in Sources */,
			);
			runOnlyForDeploymentPostprocessing = 0;
		};
/* End PBXSourcesBuildPhase section */

/* Begin PBXTargetDependency section */
		2A71729B297943AD00B8ABA5 /* PBXTargetDependency */ = {
			isa = PBXTargetDependency;
			target = 2A717288297943AC00B8ABA5 /* MyAsset1 */;
			targetProxy = 2A71729A297943AD00B8ABA5 /* PBXContainerItemProxy */;
		};
		2A7172A5297943AD00B8ABA5 /* PBXTargetDependency */ = {
			isa = PBXTargetDependency;
			target = 2A717288297943AC00B8ABA5 /* MyAsset1 */;
			targetProxy = 2A7172A4297943AD00B8ABA5 /* PBXContainerItemProxy */;
		};
/* End PBXTargetDependency section */

/* Begin XCBuildConfiguration section */
		2A7172AB297943AD00B8ABA5 /* Debug */ = {
			isa = XCBuildConfiguration;
			buildSettings = {
				ALWAYS_SEARCH_USER_PATHS = NO;
				CLANG_ANALYZER_NONNULL = YES;
				CLANG_ANALYZER_NUMBER_OBJECT_CONVERSION = YES_AGGRESSIVE;
				CLANG_CXX_LANGUAGE_STANDARD = "gnu++20";
				CLANG_ENABLE_MODULES = YES;
				CLANG_ENABLE_OBJC_ARC = YES;
				CLANG_ENABLE_OBJC_WEAK = YES;
				CLANG_WARN_BLOCK_CAPTURE_AUTORELEASING = YES;
				CLANG_WARN_BOOL_CONVERSION = YES;
				CLANG_WARN_COMMA = YES;
				CLANG_WARN_CONSTANT_CONVERSION = YES;
				CLANG_WARN_DEPRECATED_OBJC_IMPLEMENTATIONS = YES;
				CLANG_WARN_DIRECT_OBJC_ISA_USAGE = YES_ERROR;
				CLANG_WARN_DOCUMENTATION_COMMENTS = YES;
				CLANG_WARN_EMPTY_BODY = YES;
				CLANG_WARN_ENUM_CONVERSION = YES;
				CLANG_WARN_INFINITE_RECURSION = YES;
				CLANG_WARN_INT_CONVERSION = YES;
				CLANG_WARN_NON_LITERAL_NULL_CONVERSION = YES;
				CLANG_WARN_OBJC_IMPLICIT_RETAIN_SELF = YES;
				CLANG_WARN_OBJC_LITERAL_CONVERSION = YES;
				CLANG_WARN_OBJC_ROOT_CLASS = YES_ERROR;
				CLANG_WARN_QUOTED_INCLUDE_IN_FRAMEWORK_HEADER = YES;
				CLANG_WARN_RANGE_LOOP_ANALYSIS = YES;
				CLANG_WARN_STRICT_PROTOTYPES = YES;
				CLANG_WARN_SUSPICIOUS_MOVE = YES;
				CLANG_WARN_UNGUARDED_AVAILABILITY = YES_AGGRESSIVE;
				CLANG_WARN_UNREACHABLE_CODE = YES;
				CLANG_WARN__DUPLICATE_METHOD_MATCH = YES;
				COPY_PHASE_STRIP = NO;
				DEBUG_INFORMATION_FORMAT = dwarf;
				ENABLE_STRICT_OBJC_MSGSEND = YES;
				ENABLE_TESTABILITY = YES;
				GCC_C_LANGUAGE_STANDARD = gnu11;
				GCC_DYNAMIC_NO_PIC = NO;
				GCC_NO_COMMON_BLOCKS = YES;
				GCC_OPTIMIZATION_LEVEL = 0;
				GCC_PREPROCESSOR_DEFINITIONS = (
					"DEBUG=1",
					"$(inherited)",
				);
				GCC_WARN_64_TO_32_BIT_CONVERSION = YES;
				GCC_WARN_ABOUT_RETURN_TYPE = YES_ERROR;
				GCC_WARN_UNDECLARED_SELECTOR = YES;
				GCC_WARN_UNINITIALIZED_AUTOS = YES_AGGRESSIVE;
				GCC_WARN_UNUSED_FUNCTION = YES;
				GCC_WARN_UNUSED_VARIABLE = YES;
				IPHONEOS_DEPLOYMENT_TARGET = 16.2;
				MTL_ENABLE_DEBUG_INFO = INCLUDE_SOURCE;
				MTL_FAST_MATH = YES;
				ONLY_ACTIVE_ARCH = YES;
				SDKROOT = iphoneos;
				SWIFT_ACTIVE_COMPILATION_CONDITIONS = DEBUG;
				SWIFT_OPTIMIZATION_LEVEL = "-Onone";
			};
			name = Debug;
		};
		2A7172AC297943AD00B8ABA5 /* Release */ = {
			isa = XCBuildConfiguration;
			buildSettings = {
				ALWAYS_SEARCH_USER_PATHS = NO;
				CLANG_ANALYZER_NONNULL = YES;
				CLANG_ANALYZER_NUMBER_OBJECT_CONVERSION = YES_AGGRESSIVE;
				CLANG_CXX_LANGUAGE_STANDARD = "gnu++20";
				CLANG_ENABLE_MODULES = YES;
				CLANG_ENABLE_OBJC_ARC = YES;
				CLANG_ENABLE_OBJC_WEAK = YES;
				CLANG_WARN_BLOCK_CAPTURE_AUTORELEASING = YES;
				CLANG_WARN_BOOL_CONVERSION = YES;
				CLANG_WARN_COMMA = YES;
				CLANG_WARN_CONSTANT_CONVERSION = YES;
				CLANG_WARN_DEPRECATED_OBJC_IMPLEMENTATIONS = YES;
				CLANG_WARN_DIRECT_OBJC_ISA_USAGE = YES_ERROR;
				CLANG_WARN_DOCUMENTATION_COMMENTS = YES;
				CLANG_WARN_EMPTY_BODY = YES;
				CLANG_WARN_ENUM_CONVERSION = YES;
				CLANG_WARN_INFINITE_RECURSION = YES;
				CLANG_WARN_INT_CONVERSION = YES;
				CLANG_WARN_NON_LITERAL_NULL_CONVERSION = YES;
				CLANG_WARN_OBJC_IMPLICIT_RETAIN_SELF = YES;
				CLANG_WARN_OBJC_LITERAL_CONVERSION = YES;
				CLANG_WARN_OBJC_ROOT_CLASS = YES_ERROR;
				CLANG_WARN_QUOTED_INCLUDE_IN_FRAMEWORK_HEADER = YES;
				CLANG_WARN_RANGE_LOOP_ANALYSIS = YES;
				CLANG_WARN_STRICT_PROTOTYPES = YES;
				CLANG_WARN_SUSPICIOUS_MOVE = YES;
				CLANG_WARN_UNGUARDED_AVAILABILITY = YES_AGGRESSIVE;
				CLANG_WARN_UNREACHABLE_CODE = YES;
				CLANG_WARN__DUPLICATE_METHOD_MATCH = YES;
				COPY_PHASE_STRIP = NO;
				DEBUG_INFORMATION_FORMAT = "dwarf-with-dsym";
				ENABLE_NS_ASSERTIONS = NO;
				ENABLE_STRICT_OBJC_MSGSEND = YES;
				GCC_C_LANGUAGE_STANDARD = gnu11;
				GCC_NO_COMMON_BLOCKS = YES;
				GCC_WARN_64_TO_32_BIT_CONVERSION = YES;
				GCC_WARN_ABOUT_RETURN_TYPE = YES_ERROR;
				GCC_WARN_UNDECLARED_SELECTOR = YES;
				GCC_WARN_UNINITIALIZED_AUTOS = YES_AGGRESSIVE;
				GCC_WARN_UNUSED_FUNCTION = YES;
				GCC_WARN_UNUSED_VARIABLE = YES;
				IPHONEOS_DEPLOYMENT_TARGET = 16.2;
				MTL_ENABLE_DEBUG_INFO = NO;
				MTL_FAST_MATH = YES;
				SDKROOT = iphoneos;
				SWIFT_COMPILATION_MODE = wholemodule;
				SWIFT_OPTIMIZATION_LEVEL = "-O";
				VALIDATE_PRODUCT = YES;
			};
			name = Release;
		};
		2A7172AE297943AD00B8ABA5 /* Debug */ = {
			isa = XCBuildConfiguration;
			buildSettings = {
				ASSETCATALOG_COMPILER_APPICON_NAME = AppIcon;
				ASSETCATALOG_COMPILER_GLOBAL_ACCENT_COLOR_NAME = AccentColor;
				CODE_SIGN_STYLE = Automatic;
				CURRENT_PROJECT_VERSION = 1;
				DEVELOPMENT_ASSET_PATHS = "\"MyAsset1/Preview Content\"";
				DEVELOPMENT_TEAM = 3P94WK3K35;
				ENABLE_PREVIEWS = YES;
				GENERATE_INFOPLIST_FILE = YES;
				INFOPLIST_KEY_UIApplicationSceneManifest_Generation = YES;
				INFOPLIST_KEY_UIApplicationSupportsIndirectInputEvents = YES;
				INFOPLIST_KEY_UILaunchScreen_Generation = YES;
				INFOPLIST_KEY_UISupportedInterfaceOrientations_iPad = "UIInterfaceOrientationPortrait UIInterfaceOrientationPortraitUpsideDown UIInterfaceOrientationLandscapeLeft UIInterfaceOrientationLandscapeRight";
				INFOPLIST_KEY_UISupportedInterfaceOrientations_iPhone = "UIInterfaceOrientationPortrait UIInterfaceOrientationLandscapeLeft UIInterfaceOrientationLandscapeRight";
				INFOPLIST_KEY_UIUserInterfaceStyle = Light;
				LD_RUNPATH_SEARCH_PATHS = (
					"$(inherited)",
					"@executable_path/Frameworks",
				);
				MARKETING_VERSION = 1.0;
				PRODUCT_BUNDLE_IDENTIFIER = com.wooju.test.MyAsset1;
				PRODUCT_NAME = "$(TARGET_NAME)";
				SWIFT_EMIT_LOC_STRINGS = YES;
				SWIFT_VERSION = 5.0;
				TARGETED_DEVICE_FAMILY = "1,2";
			};
			name = Debug;
		};
		2A7172AF297943AD00B8ABA5 /* Release */ = {
			isa = XCBuildConfiguration;
			buildSettings = {
				ASSETCATALOG_COMPILER_APPICON_NAME = AppIcon;
				ASSETCATALOG_COMPILER_GLOBAL_ACCENT_COLOR_NAME = AccentColor;
				CODE_SIGN_STYLE = Automatic;
				CURRENT_PROJECT_VERSION = 1;
				DEVELOPMENT_ASSET_PATHS = "\"MyAsset1/Preview Content\"";
				DEVELOPMENT_TEAM = 3P94WK3K35;
				ENABLE_PREVIEWS = YES;
				GENERATE_INFOPLIST_FILE = YES;
				INFOPLIST_KEY_UIApplicationSceneManifest_Generation = YES;
				INFOPLIST_KEY_UIApplicationSupportsIndirectInputEvents = YES;
				INFOPLIST_KEY_UILaunchScreen_Generation = YES;
				INFOPLIST_KEY_UISupportedInterfaceOrientations_iPad = "UIInterfaceOrientationPortrait UIInterfaceOrientationPortraitUpsideDown UIInterfaceOrientationLandscapeLeft UIInterfaceOrientationLandscapeRight";
				INFOPLIST_KEY_UISupportedInterfaceOrientations_iPhone = "UIInterfaceOrientationPortrait UIInterfaceOrientationLandscapeLeft UIInterfaceOrientationLandscapeRight";
				INFOPLIST_KEY_UIUserInterfaceStyle = Light;
				LD_RUNPATH_SEARCH_PATHS = (
					"$(inherited)",
					"@executable_path/Frameworks",
				);
				MARKETING_VERSION = 1.0;
				PRODUCT_BUNDLE_IDENTIFIER = com.wooju.test.MyAsset1;
				PRODUCT_NAME = "$(TARGET_NAME)";
				SWIFT_EMIT_LOC_STRINGS = YES;
				SWIFT_VERSION = 5.0;
				TARGETED_DEVICE_FAMILY = "1,2";
			};
			name = Release;
		};
		2A7172B1297943AD00B8ABA5 /* Debug */ = {
			isa = XCBuildConfiguration;
			buildSettings = {
				ALWAYS_EMBED_SWIFT_STANDARD_LIBRARIES = YES;
				BUNDLE_LOADER = "$(TEST_HOST)";
				CODE_SIGN_STYLE = Automatic;
				CURRENT_PROJECT_VERSION = 1;
				DEVELOPMENT_TEAM = 3P94WK3K35;
				GENERATE_INFOPLIST_FILE = YES;
				IPHONEOS_DEPLOYMENT_TARGET = 16.2;
				MARKETING_VERSION = 1.0;
				PRODUCT_BUNDLE_IDENTIFIER = com.wooju.test.MyAsset1Tests;
				PRODUCT_NAME = "$(TARGET_NAME)";
				SWIFT_EMIT_LOC_STRINGS = NO;
				SWIFT_VERSION = 5.0;
				TARGETED_DEVICE_FAMILY = "1,2";
				TEST_HOST = "$(BUILT_PRODUCTS_DIR)/MyAsset1.app/$(BUNDLE_EXECUTABLE_FOLDER_PATH)/MyAsset1";
			};
			name = Debug;
		};
		2A7172B2297943AD00B8ABA5 /* Release */ = {
			isa = XCBuildConfiguration;
			buildSettings = {
				ALWAYS_EMBED_SWIFT_STANDARD_LIBRARIES = YES;
				BUNDLE_LOADER = "$(TEST_HOST)";
				CODE_SIGN_STYLE = Automatic;
				CURRENT_PROJECT_VERSION = 1;
				DEVELOPMENT_TEAM = 3P94WK3K35;
				GENERATE_INFOPLIST_FILE = YES;
				IPHONEOS_DEPLOYMENT_TARGET = 16.2;
				MARKETING_VERSION = 1.0;
				PRODUCT_BUNDLE_IDENTIFIER = com.wooju.test.MyAsset1Tests;
				PRODUCT_NAME = "$(TARGET_NAME)";
				SWIFT_EMIT_LOC_STRINGS = NO;
				SWIFT_VERSION = 5.0;
				TARGETED_DEVICE_FAMILY = "1,2";
				TEST_HOST = "$(BUILT_PRODUCTS_DIR)/MyAsset1.app/$(BUNDLE_EXECUTABLE_FOLDER_PATH)/MyAsset1";
			};
			name = Release;
		};
		2A7172B4297943AD00B8ABA5 /* Debug */ = {
			isa = XCBuildConfiguration;
			buildSettings = {
				ALWAYS_EMBED_SWIFT_STANDARD_LIBRARIES = YES;
				CODE_SIGN_STYLE = Automatic;
				CURRENT_PROJECT_VERSION = 1;
				DEVELOPMENT_TEAM = 3P94WK3K35;
				GENERATE_INFOPLIST_FILE = YES;
				MARKETING_VERSION = 1.0;
				PRODUCT_BUNDLE_IDENTIFIER = com.wooju.test.MyAsset1UITests;
				PRODUCT_NAME = "$(TARGET_NAME)";
				SWIFT_EMIT_LOC_STRINGS = NO;
				SWIFT_VERSION = 5.0;
				TARGETED_DEVICE_FAMILY = "1,2";
				TEST_TARGET_NAME = MyAsset1;
			};
			name = Debug;
		};
		2A7172B5297943AD00B8ABA5 /* Release */ = {
			isa = XCBuildConfiguration;
			buildSettings = {
				ALWAYS_EMBED_SWIFT_STANDARD_LIBRARIES = YES;
				CODE_SIGN_STYLE = Automatic;
				CURRENT_PROJECT_VERSION = 1;
				DEVELOPMENT_TEAM = 3P94WK3K35;
				GENERATE_INFOPLIST_FILE = YES;
				MARKETING_VERSION = 1.0;
				PRODUCT_BUNDLE_IDENTIFIER = com.wooju.test.MyAsset1UITests;
				PRODUCT_NAME = "$(TARGET_NAME)";
				SWIFT_EMIT_LOC_STRINGS = NO;
				SWIFT_VERSION = 5.0;
				TARGETED_DEVICE_FAMILY = "1,2";
				TEST_TARGET_NAME = MyAsset1;
			};
			name = Release;
		};
/* End XCBuildConfiguration section */

/* Begin XCConfigurationList section */
		2A717284297943AC00B8ABA5 /* Build configuration list for PBXProject "MyAsset1" */ = {
			isa = XCConfigurationList;
			buildConfigurations = (
				2A7172AB297943AD00B8ABA5 /* Debug */,
				2A7172AC297943AD00B8ABA5 /* Release */,
			);
			defaultConfigurationIsVisible = 0;
			defaultConfigurationName = Release;
		};
		2A7172AD297943AD00B8ABA5 /* Build configuration list for PBXNativeTarget "MyAsset1" */ = {
			isa = XCConfigurationList;
			buildConfigurations = (
				2A7172AE297943AD00B8ABA5 /* Debug */,
				2A7172AF297943AD00B8ABA5 /* Release */,
			);
			defaultConfigurationIsVisible = 0;
			defaultConfigurationName = Release;
		};
		2A7172B0297943AD00B8ABA5 /* Build configuration list for PBXNativeTarget "MyAsset1Tests" */ = {
			isa = XCConfigurationList;
			buildConfigurations = (
				2A7172B1297943AD00B8ABA5 /* Debug */,
				2A7172B2297943AD00B8ABA5 /* Release */,
			);
			defaultConfigurationIsVisible = 0;
			defaultConfigurationName = Release;
		};
		2A7172B3297943AD00B8ABA5 /* Build configuration list for PBXNativeTarget "MyAsset1UITests" */ = {
			isa = XCConfigurationList;
			buildConfigurations = (
				2A7172B4297943AD00B8ABA5 /* Debug */,
				2A7172B5297943AD00B8ABA5 /* Release */,
			);
			defaultConfigurationIsVisible = 0;
			defaultConfigurationName = Release;
		};
/* End XCConfigurationList section */
	};
	rootObject = 2A717281297943AC00B8ABA5 /* Project object */;
}
